// !$*UTF8*$!
{
	archiveVersion = 1;
	classes = {
	};
	objectVersion = 50;
	objects = {

/* Begin PBXBuildFile section */
		4D524B8B9238B14460C57931 /* libPods-FirebaseCMSample.a in Frameworks */ = {isa = PBXBuildFile; fileRef = 94DF9D07A95B7AE3D2EC7C00 /* libPods-FirebaseCMSample.a */; };
		9BB406B82436E8E50032BD0F /* AppDelegate.swift in Sources */ = {isa = PBXBuildFile; fileRef = 9BB406B72436E8E50032BD0F /* AppDelegate.swift */; };
		9BB406BA2436E8E50032BD0F /* SceneDelegate.swift in Sources */ = {isa = PBXBuildFile; fileRef = 9BB406B92436E8E50032BD0F /* SceneDelegate.swift */; };
		9BB406BC2436E8E50032BD0F /* ViewController.swift in Sources */ = {isa = PBXBuildFile; fileRef = 9BB406BB2436E8E50032BD0F /* ViewController.swift */; };
		9BB406BF2436E8E50032BD0F /* Main.storyboard in Resources */ = {isa = PBXBuildFile; fileRef = 9BB406BD2436E8E50032BD0F /* Main.storyboard */; };
		9BB406C12436E8EA0032BD0F /* Assets.xcassets in Resources */ = {isa = PBXBuildFile; fileRef = 9BB406C02436E8EA0032BD0F /* Assets.xcassets */; };
		9BB406C42436E8EA0032BD0F /* LaunchScreen.storyboard in Resources */ = {isa = PBXBuildFile; fileRef = 9BB406C22436E8EA0032BD0F /* LaunchScreen.storyboard */; };
		9BB406D0243EC7BC0032BD0F /* GoogleService-Info.plist in Resources */ = {isa = PBXBuildFile; fileRef = 9BB406CF243EC7BC0032BD0F /* GoogleService-Info.plist */; };
/* End PBXBuildFile section */

/* Begin PBXFileReference section */
		19ECE7E0CD00677BAFDC5276 /* Pods-FirebaseCMSample.release.xcconfig */ = {isa = PBXFileReference; includeInIndex = 1; lastKnownFileType = text.xcconfig; name = "Pods-FirebaseCMSample.release.xcconfig"; path = "Target Support Files/Pods-FirebaseCMSample/Pods-FirebaseCMSample.release.xcconfig"; sourceTree = "<group>"; };
		94DF9D07A95B7AE3D2EC7C00 /* libPods-FirebaseCMSample.a */ = {isa = PBXFileReference; explicitFileType = archive.ar; includeInIndex = 0; path = "libPods-FirebaseCMSample.a"; sourceTree = BUILT_PRODUCTS_DIR; };
		9BB406B42436E8E50032BD0F /* FirebaseCMSample.app */ = {isa = PBXFileReference; explicitFileType = wrapper.application; includeInIndex = 0; path = FirebaseCMSample.app; sourceTree = BUILT_PRODUCTS_DIR; };
		9BB406B72436E8E50032BD0F /* AppDelegate.swift */ = {isa = PBXFileReference; lastKnownFileType = sourcecode.swift; path = AppDelegate.swift; sourceTree = "<group>"; };
		9BB406B92436E8E50032BD0F /* SceneDelegate.swift */ = {isa = PBXFileReference; lastKnownFileType = sourcecode.swift; path = SceneDelegate.swift; sourceTree = "<group>"; };
		9BB406BB2436E8E50032BD0F /* ViewController.swift */ = {isa = PBXFileReference; lastKnownFileType = sourcecode.swift; path = ViewController.swift; sourceTree = "<group>"; };
		9BB406BE2436E8E50032BD0F /* Base */ = {isa = PBXFileReference; lastKnownFileType = file.storyboard; name = Base; path = Base.lproj/Main.storyboard; sourceTree = "<group>"; };
		9BB406C02436E8EA0032BD0F /* Assets.xcassets */ = {isa = PBXFileReference; lastKnownFileType = folder.assetcatalog; path = Assets.xcassets; sourceTree = "<group>"; };
		9BB406C32436E8EA0032BD0F /* Base */ = {isa = PBXFileReference; lastKnownFileType = file.storyboard; name = Base; path = Base.lproj/LaunchScreen.storyboard; sourceTree = "<group>"; };
		9BB406C52436E8EA0032BD0F /* Info.plist */ = {isa = PBXFileReference; lastKnownFileType = text.plist.xml; path = Info.plist; sourceTree = "<group>"; };
		9BB406CC243EC5EA0032BD0F /* FirebaseCMSample.entitlements */ = {isa = PBXFileReference; lastKnownFileType = text.plist.entitlements; path = FirebaseCMSample.entitlements; sourceTree = "<group>"; };
		9BB406CF243EC7BC0032BD0F /* GoogleService-Info.plist */ = {isa = PBXFileReference; fileEncoding = 4; lastKnownFileType = text.plist.xml; path = "GoogleService-Info.plist"; sourceTree = "<group>"; };
		FAEC0D8651FAD23B9ACDE109 /* Pods-FirebaseCMSample.debug.xcconfig */ = {isa = PBXFileReference; includeInIndex = 1; lastKnownFileType = text.xcconfig; name = "Pods-FirebaseCMSample.debug.xcconfig"; path = "Target Support Files/Pods-FirebaseCMSample/Pods-FirebaseCMSample.debug.xcconfig"; sourceTree = "<group>"; };
/* End PBXFileReference section */

/* Begin PBXFrameworksBuildPhase section */
		9BB406B12436E8E50032BD0F /* Frameworks */ = {
			isa = PBXFrameworksBuildPhase;
			buildActionMask = 2147483647;
			files = (
				4D524B8B9238B14460C57931 /* libPods-FirebaseCMSample.a in Frameworks */,
			);
			runOnlyForDeploymentPostprocessing = 0;
		};
/* End PBXFrameworksBuildPhase section */

/* Begin PBXGroup section */
		3AE9B80CF7527EDC12323F1C /* Frameworks */ = {
			isa = PBXGroup;
			children = (
				94DF9D07A95B7AE3D2EC7C00 /* libPods-FirebaseCMSample.a */,
			);
			name = Frameworks;
			sourceTree = "<group>";
		};
		440AD14E147FF01D922BFFDD /* Pods */ = {
			isa = PBXGroup;
			children = (
				FAEC0D8651FAD23B9ACDE109 /* Pods-FirebaseCMSample.debug.xcconfig */,
				19ECE7E0CD00677BAFDC5276 /* Pods-FirebaseCMSample.release.xcconfig */,
			);
			path = Pods;
			sourceTree = "<group>";
		};
		9BB406AB2436E8E50032BD0F = {
			isa = PBXGroup;
			children = (
				9BB406B62436E8E50032BD0F /* FirebaseCMSample */,
				9BB406B52436E8E50032BD0F /* Products */,
				440AD14E147FF01D922BFFDD /* Pods */,
				3AE9B80CF7527EDC12323F1C /* Frameworks */,
			);
			sourceTree = "<group>";
		};
		9BB406B52436E8E50032BD0F /* Products */ = {
			isa = PBXGroup;
			children = (
				9BB406B42436E8E50032BD0F /* FirebaseCMSample.app */,
			);
			name = Products;
			sourceTree = "<group>";
		};
		9BB406B62436E8E50032BD0F /* FirebaseCMSample */ = {
			isa = PBXGroup;
			children = (
				9BB406CC243EC5EA0032BD0F /* FirebaseCMSample.entitlements */,
				9BB406B72436E8E50032BD0F /* AppDelegate.swift */,
				9BB406B92436E8E50032BD0F /* SceneDelegate.swift */,
				9BB406BB2436E8E50032BD0F /* ViewController.swift */,
				9BB406BD2436E8E50032BD0F /* Main.storyboard */,
				9BB406C02436E8EA0032BD0F /* Assets.xcassets */,
				9BB406C22436E8EA0032BD0F /* LaunchScreen.storyboard */,
				9BB406C52436E8EA0032BD0F /* Info.plist */,
				9BB406CF243EC7BC0032BD0F /* GoogleService-Info.plist */,
			);
			path = FirebaseCMSample;
			sourceTree = "<group>";
		};
/* End PBXGroup section */

/* Begin PBXNativeTarget section */
		9BB406B32436E8E50032BD0F /* FirebaseCMSample */ = {
			isa = PBXNativeTarget;
			buildConfigurationList = 9BB406C82436E8EA0032BD0F /* Build configuration list for PBXNativeTarget "FirebaseCMSample" */;
			buildPhases = (
				61DCB04184EAE1AACAB863BC /* [CP] Check Pods Manifest.lock */,
				9BB406B02436E8E50032BD0F /* Sources */,
				9BB406B12436E8E50032BD0F /* Frameworks */,
				9BB406B22436E8E50032BD0F /* Resources */,
			);
			buildRules = (
			);
			dependencies = (
			);
			name = FirebaseCMSample;
			productName = FirebaseCMSample;
			productReference = 9BB406B42436E8E50032BD0F /* FirebaseCMSample.app */;
			productType = "com.apple.product-type.application";
		};
/* End PBXNativeTarget section */

/* Begin PBXProject section */
		9BB406AC2436E8E50032BD0F /* Project object */ = {
			isa = PBXProject;
			attributes = {
				LastSwiftUpdateCheck = 1130;
				LastUpgradeCheck = 1130;
				ORGANIZATIONNAME = Znfod;
				TargetAttributes = {
					9BB406B32436E8E50032BD0F = {
						CreatedOnToolsVersion = 11.3.1;
					};
				};
			};
			buildConfigurationList = 9BB406AF2436E8E50032BD0F /* Build configuration list for PBXProject "FirebaseCMSample" */;
			compatibilityVersion = "Xcode 9.3";
			developmentRegion = en;
			hasScannedForEncodings = 0;
			knownRegions = (
				en,
				Base,
			);
			mainGroup = 9BB406AB2436E8E50032BD0F;
			productRefGroup = 9BB406B52436E8E50032BD0F /* Products */;
			projectDirPath = "";
			projectRoot = "";
			targets = (
				9BB406B32436E8E50032BD0F /* FirebaseCMSample */,
			);
		};
/* End PBXProject section */

/* Begin PBXResourcesBuildPhase section */
		9BB406B22436E8E50032BD0F /* Resources */ = {
			isa = PBXResourcesBuildPhase;
			buildActionMask = 2147483647;
			files = (
				9BB406C42436E8EA0032BD0F /* LaunchScreen.storyboard in Resources */,
				9BB406D0243EC7BC0032BD0F /* GoogleService-Info.plist in Resources */,
				9BB406C12436E8EA0032BD0F /* Assets.xcassets in Resources */,
				9BB406BF2436E8E50032BD0F /* Main.storyboard in Resources */,
			);
			runOnlyForDeploymentPostprocessing = 0;
		};
/* End PBXResourcesBuildPhase section */

/* Begin PBXShellScriptBuildPhase section */
		61DCB04184EAE1AACAB863BC /* [CP] Check Pods Manifest.lock */ = {
			isa = PBXShellScriptBuildPhase;
			buildActionMask = 2147483647;
			files = (
			);
			inputFileListPaths = (
			);
			inputPaths = (
				"${PODS_PODFILE_DIR_PATH}/Podfile.lock",
				"${PODS_ROOT}/Manifest.lock",
			);
			name = "[CP] Check Pods Manifest.lock";
			outputFileListPaths = (
			);
			outputPaths = (
				"$(DERIVED_FILE_DIR)/Pods-FirebaseCMSample-checkManifestLockResult.txt",
			);
			runOnlyForDeploymentPostprocessing = 0;
			shellPath = /bin/sh;
			shellScript = "diff \"${PODS_PODFILE_DIR_PATH}/Podfile.lock\" \"${PODS_ROOT}/Manifest.lock\" > /dev/null\nif [ $? != 0 ] ; then\n    # print error to STDERR\n    echo \"error: The sandbox is not in sync with the Podfile.lock. Run 'pod install' or update your CocoaPods installation.\" >&2\n    exit 1\nfi\n# This output is used by Xcode 'outputs' to avoid re-running this script phase.\necho \"SUCCESS\" > \"${SCRIPT_OUTPUT_FILE_0}\"\n";
			showEnvVarsInLog = 0;
		};
/* End PBXShellScriptBuildPhase section */

/* Begin PBXSourcesBuildPhase section */
		9BB406B02436E8E50032BD0F /* Sources */ = {
			isa = PBXSourcesBuildPhase;
			buildActionMask = 2147483647;
			files = (
				9BB406BC2436E8E50032BD0F /* ViewController.swift in Sources */,
				9BB406B82436E8E50032BD0F /* AppDelegate.swift in Sources */,
				9BB406BA2436E8E50032BD0F /* SceneDelegate.swift in Sources */,
			);
			runOnlyForDeploymentPostprocessing = 0;
		};
/* End PBXSourcesBuildPhase section */

/* Begin PBXVariantGroup section */
		9BB406BD2436E8E50032BD0F /* Main.storyboard */ = {
			isa = PBXVariantGroup;
			children = (
				9BB406BE2436E8E50032BD0F /* Base */,
			);
			name = Main.storyboard;
			sourceTree = "<group>";
		};
		9BB406C22436E8EA0032BD0F /* LaunchScreen.storyboard */ = {
			isa = PBXVariantGroup;
			children = (
				9BB406C32436E8EA0032BD0F /* Base */,
			);
			name = LaunchScreen.storyboard;
			sourceTree = "<group>";
		};
/* End PBXVariantGroup section */

/* Begin XCBuildConfiguration section */
		9BB406C62436E8EA0032BD0F /* Debug */ = {
			isa = XCBuildConfiguration;
			buildSettings = {
				ALWAYS_SEARCH_USER_PATHS = NO;
				CLANG_ANALYZER_NONNULL = YES;
				CLANG_ANALYZER_NUMBER_OBJECT_CONVERSION = YES_AGGRESSIVE;
				CLANG_CXX_LANGUAGE_STANDARD = "gnu++14";
				CLANG_CXX_LIBRARY = "libc++";
				CLANG_ENABLE_MODULES = YES;
				CLANG_ENABLE_OBJC_ARC = YES;
				CLANG_ENABLE_OBJC_WEAK = YES;
				CLANG_WARN_BLOCK_CAPTURE_AUTORELEASING = YES;
				CLANG_WARN_BOOL_CONVERSION = YES;
				CLANG_WARN_COMMA = YES;
				CLANG_WARN_CONSTANT_CONVERSION = YES;
				CLANG_WARN_DEPRECATED_OBJC_IMPLEMENTATIONS = YES;
				CLANG_WARN_DIRECT_OBJC_ISA_USAGE = YES_ERROR;
				CLANG_WARN_DOCUMENTATION_COMMENTS = YES;
				CLANG_WARN_EMPTY_BODY = YES;
				CLANG_WARN_ENUM_CONVERSION = YES;
				CLANG_WARN_INFINITE_RECURSION = YES;
				CLANG_WARN_INT_CONVERSION = YES;
				CLANG_WARN_NON_LITERAL_NULL_CONVERSION = YES;
				CLANG_WARN_OBJC_IMPLICIT_RETAIN_SELF = YES;
				CLANG_WARN_OBJC_LITERAL_CONVERSION = YES;
				CLANG_WARN_OBJC_ROOT_CLASS = YES_ERROR;
				CLANG_WARN_RANGE_LOOP_ANALYSIS = YES;
				CLANG_WARN_STRICT_PROTOTYPES = YES;
				CLANG_WARN_SUSPICIOUS_MOVE = YES;
				CLANG_WARN_UNGUARDED_AVAILABILITY = YES_AGGRESSIVE;
				CLANG_WARN_UNREACHABLE_CODE = YES;
				CLANG_WARN__DUPLICATE_METHOD_MATCH = YES;
				COPY_PHASE_STRIP = NO;
				DEBUG_INFORMATION_FORMAT = dwarf;
				ENABLE_STRICT_OBJC_MSGSEND = YES;
				ENABLE_TESTABILITY = YES;
				GCC_C_LANGUAGE_STANDARD = gnu11;
				GCC_DYNAMIC_NO_PIC = NO;
				GCC_NO_COMMON_BLOCKS = YES;
				GCC_OPTIMIZATION_LEVEL = 0;
				GCC_PREPROCESSOR_DEFINITIONS = (
					"DEBUG=1",
					"$(inherited)",
				);
				GCC_WARN_64_TO_32_BIT_CONVERSION = YES;
				GCC_WARN_ABOUT_RETURN_TYPE = YES_ERROR;
				GCC_WARN_UNDECLARED_SELECTOR = YES;
				GCC_WARN_UNINITIALIZED_AUTOS = YES_AGGRESSIVE;
				GCC_WARN_UNUSED_FUNCTION = YES;
				GCC_WARN_UNUSED_VARIABLE = YES;
				IPHONEOS_DEPLOYMENT_TARGET = 13.2;
				MTL_ENABLE_DEBUG_INFO = INCLUDE_SOURCE;
				MTL_FAST_MATH = YES;
				ONLY_ACTIVE_ARCH = YES;
				SDKROOT = iphoneos;
				SWIFT_ACTIVE_COMPILATION_CONDITIONS = DEBUG;
				SWIFT_OPTIMIZATION_LEVEL = "-Onone";
			};
			name = Debug;
		};
		9BB406C72436E8EA0032BD0F /* Release */ = {
			isa = XCBuildConfiguration;
			buildSettings = {
				ALWAYS_SEARCH_USER_PATHS = NO;
				CLANG_ANALYZER_NONNULL = YES;
				CLANG_ANALYZER_NUMBER_OBJECT_CONVERSION = YES_AGGRESSIVE;
				CLANG_CXX_LANGUAGE_STANDARD = "gnu++14";
				CLANG_CXX_LIBRARY = "libc++";
				CLANG_ENABLE_MODULES = YES;
				CLANG_ENABLE_OBJC_ARC = YES;
				CLANG_ENABLE_OBJC_WEAK = YES;
				CLANG_WARN_BLOCK_CAPTURE_AUTORELEASING = YES;
				CLANG_WARN_BOOL_CONVERSION = YES;
				CLANG_WARN_COMMA = YES;
				CLANG_WARN_CONSTANT_CONVERSION = YES;
				CLANG_WARN_DEPRECATED_OBJC_IMPLEMENTATIONS = YES;
				CLANG_WARN_DIRECT_OBJC_ISA_USAGE = YES_ERROR;
				CLANG_WARN_DOCUMENTATION_COMMENTS = YES;
				CLANG_WARN_EMPTY_BODY = YES;
				CLANG_WARN_ENUM_CONVERSION = YES;
				CLANG_WARN_INFINITE_RECURSION = YES;
				CLANG_WARN_INT_CONVERSION = YES;
				CLANG_WARN_NON_LITERAL_NULL_CONVERSION = YES;
				CLANG_WARN_OBJC_IMPLICIT_RETAIN_SELF = YES;
				CLANG_WARN_OBJC_LITERAL_CONVERSION = YES;
				CLANG_WARN_OBJC_ROOT_CLASS = YES_ERROR;
				CLANG_WARN_RANGE_LOOP_ANALYSIS = YES;
				CLANG_WARN_STRICT_PROTOTYPES = YES;
				CLANG_WARN_SUSPICIOUS_MOVE = YES;
				CLANG_WARN_UNGUARDED_AVAILABILITY = YES_AGGRESSIVE;
				CLANG_WARN_UNREACHABLE_CODE = YES;
				CLANG_WARN__DUPLICATE_METHOD_MATCH = YES;
				COPY_PHASE_STRIP = NO;
				DEBUG_INFORMATION_FORMAT = "dwarf-with-dsym";
				ENABLE_NS_ASSERTIONS = NO;
				ENABLE_STRICT_OBJC_MSGSEND = YES;
				GCC_C_LANGUAGE_STANDARD = gnu11;
				GCC_NO_COMMON_BLOCKS = YES;
				GCC_WARN_64_TO_32_BIT_CONVERSION = YES;
				GCC_WARN_ABOUT_RETURN_TYPE = YES_ERROR;
				GCC_WARN_UNDECLARED_SELECTOR = YES;
				GCC_WARN_UNINITIALIZED_AUTOS = YES_AGGRESSIVE;
				GCC_WARN_UNUSED_FUNCTION = YES;
				GCC_WARN_UNUSED_VARIABLE = YES;
				IPHONEOS_DEPLOYMENT_TARGET = 13.2;
				MTL_ENABLE_DEBUG_INFO = NO;
				MTL_FAST_MATH = YES;
				SDKROOT = iphoneos;
				SWIFT_COMPILATION_MODE = wholemodule;
				SWIFT_OPTIMIZATION_LEVEL = "-O";
				VALIDATE_PRODUCT = YES;
			};
			name = Release;
		};
		9BB406C92436E8EA0032BD0F /* Debug */ = {
			isa = XCBuildConfiguration;
			baseConfigurationReference = FAEC0D8651FAD23B9ACDE109 /* Pods-FirebaseCMSample.debug.xcconfig */;
			buildSettings = {
				ASSETCATALOG_COMPILER_APPICON_NAME = AppIcon;
				CODE_SIGN_ENTITLEMENTS = FirebaseCMSample/FirebaseCMSample.entitlements;
				CODE_SIGN_STYLE = Automatic;
				DEVELOPMENT_TEAM = D8Z3QRBB63;
				INFOPLIST_FILE = FirebaseCMSample/Info.plist;
				LD_RUNPATH_SEARCH_PATHS = (
					"$(inherited)",
					"@executable_path/Frameworks",
				);
				PRODUCT_BUNDLE_IDENTIFIER = kr.cskime.example.FCM;
				PRODUCT_NAME = "$(TARGET_NAME)";
				SWIFT_VERSION = 5.0;
				TARGETED_DEVICE_FAMILY = "1,2";
			};
			name = Debug;
		};
		9BB406CA2436E8EA0032BD0F /* Release */ = {
			isa = XCBuildConfiguration;
			baseConfigurationReference = 19ECE7E0CD00677BAFDC5276 /* Pods-FirebaseCMSample.release.xcconfig */;
			buildSettings = {
				ASSETCATALOG_COMPILER_APPICON_NAME = AppIcon;
				CODE_SIGN_ENTITLEMENTS = FirebaseCMSample/FirebaseCMSample.entitlements;
				CODE_SIGN_STYLE = Automatic;
				DEVELOPMENT_TEAM = D8Z3QRBB63;
				INFOPLIST_FILE = FirebaseCMSample/Info.plist;
				LD_RUNPATH_SEARCH_PATHS = (
					"$(inherited)",
					"@executable_path/Frameworks",
				);
				PRODUCT_BUNDLE_IDENTIFIER = kr.cskime.example.FCM;
				PRODUCT_NAME = "$(TARGET_NAME)";
				SWIFT_VERSION = 5.0;
				TARGETED_DEVICE_FAMILY = "1,2";
			};
			name = Release;
		};
/* End XCBuildConfiguration section */

/* Begin XCConfigurationList section */
		9BB406AF2436E8E50032BD0F /* Build configuration list for PBXProject "FirebaseCMSample" */ = {
			isa = XCConfigurationList;
			buildConfigurations = (
				9BB406C62436E8EA0032BD0F /* Debug */,
				9BB406C72436E8EA0032BD0F /* Release */,
			);
			defaultConfigurationIsVisible = 0;
			defaultConfigurationName = Release;
		};
		9BB406C82436E8EA0032BD0F /* Build configuration list for PBXNativeTarget "FirebaseCMSample" */ = {
			isa = XCConfigurationList;
			buildConfigurations = (
				9BB406C92436E8EA0032BD0F /* Debug */,
				9BB406CA2436E8EA0032BD0F /* Release */,
			);
			defaultConfigurationIsVisible = 0;
			defaultConfigurationName = Release;
		};
/* End XCConfigurationList section */
	};
	rootObject = 9BB406AC2436E8E50032BD0F /* Project object */;
}
